{
  "nodes": {
    "emacs": {
      "locked": {
        "lastModified": 1622691336,
        "narHash": "sha256-7MIXRSEMW/MHttfZRD4O0RKfrsCDZkbxKo6Jep55zE0=",
        "owner": "nix-community",
        "repo": "emacs-overlay",
        "rev": "354dc24d3ef778e5d3aa7564f2ce89b131f62219",
        "type": "github"
      },
      "original": {
        "owner": "nix-community",
        "repo": "emacs-overlay",
        "type": "github"
      }
    },
    "hardware": {
      "locked": {
        "lastModified": 1622521809,
        "narHash": "sha256-7XcqrtrHDeaasKzg/ruroLsC2fb6Fi3aenCrv1+xVLk=",
        "owner": "NixOS",
        "repo": "nixos-hardware",
        "rev": "b2186d6c3cdc58fb3a8def0f608bcae61138cc6f",
        "type": "github"
      },
      "original": {
        "owner": "NixOS",
        "repo": "nixos-hardware",
        "type": "github"
      }
    },
    "home-manager": {
      "inputs": {
        "nixpkgs": [
          "nixpkgs"
        ]
      },
      "locked": {
        "lastModified": 1622312560,
        "narHash": "sha256-xBWgiwnPaL/iZasPxw3BuvPAee/2jiToiZjKvKLs+PA=",
        "owner": "nix-community",
        "repo": "home-manager",
        "rev": "ab64dc32493996c24607eab2cae6663466ddfb8a",
        "type": "github"
      },
      "original": {
        "owner": "nix-community",
        "ref": "release-21.05",
        "repo": "home-manager",
        "type": "github"
      }
    },
    "mozilla": {
      "flake": false,
      "locked": {
        "lastModified": 1622555538,
        "narHash": "sha256-KScrNGh0vyxxcq9FpzZod40GznbyHRXnCmGFo1qZY7w=",
        "owner": "mozilla",
        "repo": "nixpkgs-mozilla",
        "rev": "ad227c55c34124cde17b30c9bb28be6cd3c70815",
        "type": "github"
      },
      "original": {
        "owner": "mozilla",
        "repo": "nixpkgs-mozilla",
        "type": "github"
      }
    },
    "nixpkgs": {
      "locked": {
        "lastModified": 1622622179,
        "narHash": "sha256-XCw/9QDuj9J6prVR8YrteTcFKj2sRWYIjwgs8qOOrYQ=",
        "owner": "NixOS",
        "repo": "nixpkgs",
        "rev": "eaba7870ffc3400eca4407baa24184b7fe337ec1",
        "type": "github"
      },
      "original": {
        "owner": "NixOS",
        "ref": "nixos-21.05",
        "repo": "nixpkgs",
        "type": "github"
      }
    },
    "root": {
      "inputs": {
        "emacs": "emacs",
        "hardware": "hardware",
        "home-manager": "home-manager",
        "mozilla": "mozilla",
        "nixpkgs": "nixpkgs",
        "unstable": "unstable",
        "utils": "utils"
      }
    },
    "unstable": {
      "locked": {
        "lastModified": 1622545032,
        "narHash": "sha256-1Y+2LFqnMBEH9OZzMBdLWl6GWFt/xzNz0V5X+m05Ing=",
        "owner": "NixOS",
        "repo": "nixpkgs",
        "rev": "1c2986bbb806c57f9470bf3231d8da7250ab9091",
        "type": "github"
      },
      "original": {
        "owner": "NixOS",
        "ref": "nixos-unstable",
        "repo": "nixpkgs",
        "type": "github"
      }
    },
    "utils": {
      "locked": {
        "lastModified": 1622445595,
        "narHash": "sha256-m+JRe6Wc5OZ/mKw2bB3+Tl0ZbtyxxxfnAWln8Q5qs+Y=",
        "owner": "numtide",
        "repo": "flake-utils",
        "rev": "7d706970d94bc5559077eb1a6600afddcd25a7c8",
        "type": "github"
      },
      "original": {
        "owner": "numtide",
        "repo": "flake-utils",
        "type": "github"
      }
    }
  },
  "root": "root",
  "version": 7
}
